
Microsoft Visual Studio Solution File, Format Version 12.00
# Visual Studio Version 17
VisualStudioVersion = 17.3.32901.215
MinimumVisualStudioVersion = 10.0.40219.1
Project("{FAE04EC0-301F-11D3-BF4B-00C04F79EFBC}") = "ilkDokuzSoru", "SiniflarOlcmeDegerlendirme\ilkDokuzSoru.csproj", "{EADEBB88-126B-4CA4-AEA9-EB1CCBE63164}"
EndProject
Project("{FAE04EC0-301F-11D3-BF4B-00C04F79EFBC}") = "OndorduncuSoru", "OndorduncuSoru\OndorduncuSoru.csproj", "{CFF59CB8-9252-4425-80B3-44BF7B68C8BC}"
EndProject
Project("{FAE04EC0-301F-11D3-BF4B-00C04F79EFBC}") = "OnAltinciSoru", "OnAltinciSoru\OnAltinciSoru.csproj", "{977EF894-EE2D-4914-9196-06B441C94908}"
EndProject
Project("{FAE04EC0-301F-11D3-BF4B-00C04F79EFBC}") = "YirminciSoru", "YirminciSoru\YirminciSoru.csproj", "{EEBCDCC2-A878-45CE-AEE1-0BAE94DCEFDB}"
EndProject
Project("{FAE04EC0-301F-11D3-BF4B-00C04F79EFBC}") = "OnuncuSoru", "OnuncuSoru\OnuncuSoru.csproj", "{43B4820E-6F47-4B6C-932A-1BEAE6225FC4}"
EndProject
Global
	GlobalSection(SolutionConfigurationPlatforms) = preSolution
		Debug|Any CPU = Debug|Any CPU
		Release|Any CPU = Release|Any CPU
	EndGlobalSection
	GlobalSection(ProjectConfigurationPlatforms) = postSolution
		{EADEBB88-126B-4CA4-AEA9-EB1CCBE63164}.Debug|Any CPU.ActiveCfg = Debug|Any CPU
		{EADEBB88-126B-4CA4-AEA9-EB1CCBE63164}.Debug|Any CPU.Build.0 = Debug|Any CPU
		{EADEBB88-126B-4CA4-AEA9-EB1CCBE63164}.Release|Any CPU.ActiveCfg = Release|Any CPU
		{EADEBB88-126B-4CA4-AEA9-EB1CCBE63164}.Release|Any CPU.Build.0 = Release|Any CPU
		{CFF59CB8-9252-4425-80B3-44BF7B68C8BC}.Debug|Any CPU.ActiveCfg = Debug|Any CPU
		{CFF59CB8-9252-4425-80B3-44BF7B68C8BC}.Debug|Any CPU.Build.0 = Debug|Any CPU
		{CFF59CB8-9252-4425-80B3-44BF7B68C8BC}.Release|Any CPU.ActiveCfg = Release|Any CPU
		{CFF59CB8-9252-4425-80B3-44BF7B68C8BC}.Release|Any CPU.Build.0 = Release|Any CPU
		{977EF894-EE2D-4914-9196-06B441C94908}.Debug|Any CPU.ActiveCfg = Debug|Any CPU
		{977EF894-EE2D-4914-9196-06B441C94908}.Debug|Any CPU.Build.0 = Debug|Any CPU
		{977EF894-EE2D-4914-9196-06B441C94908}.Release|Any CPU.ActiveCfg = Release|Any CPU
		{977EF894-EE2D-4914-9196-06B441C94908}.Release|Any CPU.Build.0 = Release|Any CPU
		{EEBCDCC2-A878-45CE-AEE1-0BAE94DCEFDB}.Debug|Any CPU.ActiveCfg = Debug|Any CPU
		{EEBCDCC2-A878-45CE-AEE1-0BAE94DCEFDB}.Debug|Any CPU.Build.0 = Debug|Any CPU
		{EEBCDCC2-A878-45CE-AEE1-0BAE94DCEFDB}.Release|Any CPU.ActiveCfg = Release|Any CPU
		{EEBCDCC2-A878-45CE-AEE1-0BAE94DCEFDB}.Release|Any CPU.Build.0 = Release|Any CPU
		{43B4820E-6F47-4B6C-932A-1BEAE6225FC4}.Debug|Any CPU.ActiveCfg = Debug|Any CPU
		{43B4820E-6F47-4B6C-932A-1BEAE6225FC4}.Debug|Any CPU.Build.0 = Debug|Any CPU
		{43B4820E-6F47-4B6C-932A-1BEAE6225FC4}.Release|Any CPU.ActiveCfg = Release|Any CPU
		{43B4820E-6F47-4B6C-932A-1BEAE6225FC4}.Release|Any CPU.Build.0 = Release|Any CPU
	EndGlobalSection
	GlobalSection(SolutionProperties) = preSolution
		HideSolutionNode = FALSE
	EndGlobalSection
	GlobalSection(ExtensibilityGlobals) = postSolution
		SolutionGuid = {7CE0EB7A-4A54-421D-8910-6894A3BB0B04}
	EndGlobalSection
EndGlobal
